{
  "name": "frontend",
  "lockfileVersion": 3,
  "requires": true,
  "packages": {
    "": {
      "dependencies": {
        "mouse-t": "^1.0.0"
      }
    },
    "node_modules/mouse-event": {
      "version": "1.0.5",
      "resolved": "https://registry.npmjs.org/mouse-event/-/mouse-event-1.0.5.tgz",
      "integrity": "sha512-ItUxtL2IkeSKSp9cyaX2JLUuKk2uMoxBg4bbOWVd29+CskYJR9BGsUqtXenNzKbnDshvupjUewDIYVrOB6NmGw=="
    },
    "node_modules/mouse-t": {
      "version": "1.0.0",
      "resolved": "https://registry.npmjs.org/mouse-t/-/mouse-t-1.0.0.tgz",
      "integrity": "sha512-rxfKtZK1gPkC8RLLPqjkX6rha38HXhtATz/MzVndB4Wes6nczXmDH9Ax1F9+L/xn6waOdt8ux1hd/zTuGCwW9w==",
      "dependencies": {
        "mouse-event": "^1.0.5"
      }
    }
  }
}
